
Microsoft Visual Studio Solution File, Format Version 12.00
# Visual Studio Version 16
VisualStudioVersion = 16.0.31112.23
MinimumVisualStudioVersion = 10.0.40219.1
Project("{8BC9CEB8-8B4A-11D0-8D11-00A0C91BC942}") = "SK-Lib-fenv-feclearexcept__CPP", "SK-Lib-fenv-feclearexcept__CPP\SK-Lib-fenv-feclearexcept__CPP.vcxproj", "{67C2EEEA-4E62-4A7A-B0BD-42111BFFDA14}"
EndProject
Global
	GlobalSection(SolutionConfigurationPlatforms) = preSolution
		Debug|x64 = Debug|x64
		Debug|x86 = Debug|x86
		Release|x64 = Release|x64
		Release|x86 = Release|x86
	EndGlobalSection
	GlobalSection(ProjectConfigurationPlatforms) = postSolution
		{67C2EEEA-4E62-4A7A-B0BD-42111BFFDA14}.Debug|x64.ActiveCfg = Debug|x64
		{67C2EEEA-4E62-4A7A-B0BD-42111BFFDA14}.Debug|x64.Build.0 = Debug|x64
		{67C2EEEA-4E62-4A7A-B0BD-42111BFFDA14}.Debug|x86.ActiveCfg = Debug|Win32
		{67C2EEEA-4E62-4A7A-B0BD-42111BFFDA14}.Debug|x86.Build.0 = Debug|Win32
		{67C2EEEA-4E62-4A7A-B0BD-42111BFFDA14}.Release|x64.ActiveCfg = Release|x64
		{67C2EEEA-4E62-4A7A-B0BD-42111BFFDA14}.Release|x64.Build.0 = Release|x64
		{67C2EEEA-4E62-4A7A-B0BD-42111BFFDA14}.Release|x86.ActiveCfg = Release|Win32
		{67C2EEEA-4E62-4A7A-B0BD-42111BFFDA14}.Release|x86.Build.0 = Release|Win32
	EndGlobalSection
	GlobalSection(SolutionProperties) = preSolution
		HideSolutionNode = FALSE
	EndGlobalSection
	GlobalSection(ExtensibilityGlobals) = postSolution
		SolutionGuid = {DE2811E9-5D1D-4FBC-B2EC-0D29F7226F6B}
	EndGlobalSection
EndGlobal
